// !$*UTF8*$!
{
	archiveVersion = 1;
	classes = {
	};
	objectVersion = 46;
	objects = {

/* Begin PBXBuildFile section */
		B727AA5B1EE5321E00692C4F /* main.cpp in Sources */ = {isa = PBXBuildFile; fileRef = B727AA5A1EE5321E00692C4F /* main.cpp */; };
		B727AA631EE5346000692C4F /* Game.cpp in Sources */ = {isa = PBXBuildFile; fileRef = B727AA611EE5346000692C4F /* Game.cpp */; };
		B727AA661EE5347800692C4F /* Hall.cpp in Sources */ = {isa = PBXBuildFile; fileRef = B727AA641EE5347800692C4F /* Hall.cpp */; };
		B727AA6D1EE5379D00692C4F /* pugixml.cpp in Sources */ = {isa = PBXBuildFile; fileRef = B727AA6B1EE5379D00692C4F /* pugixml.cpp */; };
/* End PBXBuildFile section */

/* Begin PBXCopyFilesBuildPhase section */
		B727AA551EE5321E00692C4F /* CopyFiles */ = {
			isa = PBXCopyFilesBuildPhase;
			buildActionMask = 2147483647;
			dstPath = /usr/share/man/man1/;
			dstSubfolderSpec = 0;
			files = (
			);
			runOnlyForDeploymentPostprocessing = 1;
		};
/* End PBXCopyFilesBuildPhase section */

/* Begin PBXFileReference section */
		B727AA571EE5321E00692C4F /* Kontrolno_5.06 */ = {isa = PBXFileReference; explicitFileType = "compiled.mach-o.executable"; includeInIndex = 0; path = Kontrolno_5.06; sourceTree = BUILT_PRODUCTS_DIR; };
		B727AA5A1EE5321E00692C4F /* main.cpp */ = {isa = PBXFileReference; lastKnownFileType = sourcecode.cpp.cpp; path = main.cpp; sourceTree = "<group>"; };
		B727AA611EE5346000692C4F /* Game.cpp */ = {isa = PBXFileReference; fileEncoding = 4; lastKnownFileType = sourcecode.cpp.cpp; path = Game.cpp; sourceTree = "<group>"; };
		B727AA621EE5346000692C4F /* Game.hpp */ = {isa = PBXFileReference; fileEncoding = 4; lastKnownFileType = sourcecode.cpp.h; path = Game.hpp; sourceTree = "<group>"; };
		B727AA641EE5347800692C4F /* Hall.cpp */ = {isa = PBXFileReference; fileEncoding = 4; lastKnownFileType = sourcecode.cpp.cpp; path = Hall.cpp; sourceTree = "<group>"; };
		B727AA651EE5347800692C4F /* Hall.hpp */ = {isa = PBXFileReference; fileEncoding = 4; lastKnownFileType = sourcecode.cpp.h; path = Hall.hpp; sourceTree = "<group>"; };
		B727AA671EE5353300692C4F /* hall1.xml */ = {isa = PBXFileReference; fileEncoding = 4; lastKnownFileType = text.xml; path = hall1.xml; sourceTree = "<group>"; };
		B727AA681EE5355200692C4F /* hall2.xml */ = {isa = PBXFileReference; fileEncoding = 4; lastKnownFileType = text.xml; path = hall2.xml; sourceTree = "<group>"; };
		B727AA691EE5356A00692C4F /* hall3.xml */ = {isa = PBXFileReference; fileEncoding = 4; lastKnownFileType = text.xml; path = hall3.xml; sourceTree = "<group>"; };
		B727AA6A1EE5379D00692C4F /* pugiconfig.hpp */ = {isa = PBXFileReference; fileEncoding = 4; lastKnownFileType = sourcecode.cpp.h; path = pugiconfig.hpp; sourceTree = "<group>"; };
		B727AA6B1EE5379D00692C4F /* pugixml.cpp */ = {isa = PBXFileReference; fileEncoding = 4; lastKnownFileType = sourcecode.cpp.cpp; path = pugixml.cpp; sourceTree = "<group>"; };
		B727AA6C1EE5379D00692C4F /* pugixml.hpp */ = {isa = PBXFileReference; fileEncoding = 4; lastKnownFileType = sourcecode.cpp.h; path = pugixml.hpp; sourceTree = "<group>"; };
/* End PBXFileReference section */

/* Begin PBXFrameworksBuildPhase section */
		B727AA541EE5321E00692C4F /* Frameworks */ = {
			isa = PBXFrameworksBuildPhase;
			buildActionMask = 2147483647;
			files = (
			);
			runOnlyForDeploymentPostprocessing = 0;
		};
/* End PBXFrameworksBuildPhase section */

/* Begin PBXGroup section */
		B727AA4E1EE5321E00692C4F = {
			isa = PBXGroup;
			children = (
				B727AA6A1EE5379D00692C4F /* pugiconfig.hpp */,
				B727AA6B1EE5379D00692C4F /* pugixml.cpp */,
				B727AA6C1EE5379D00692C4F /* pugixml.hpp */,
				B727AA691EE5356A00692C4F /* hall3.xml */,
				B727AA681EE5355200692C4F /* hall2.xml */,
				B727AA671EE5353300692C4F /* hall1.xml */,
				B727AA641EE5347800692C4F /* Hall.cpp */,
				B727AA651EE5347800692C4F /* Hall.hpp */,
				B727AA611EE5346000692C4F /* Game.cpp */,
				B727AA621EE5346000692C4F /* Game.hpp */,
				B727AA591EE5321E00692C4F /* Kontrolno_5.06 */,
				B727AA581EE5321E00692C4F /* Products */,
			);
			sourceTree = "<group>";
		};
		B727AA581EE5321E00692C4F /* Products */ = {
			isa = PBXGroup;
			children = (
				B727AA571EE5321E00692C4F /* Kontrolno_5.06 */,
			);
			name = Products;
			sourceTree = "<group>";
		};
		B727AA591EE5321E00692C4F /* Kontrolno_5.06 */ = {
			isa = PBXGroup;
			children = (
				B727AA5A1EE5321E00692C4F /* main.cpp */,
			);
			path = Kontrolno_5.06;
			sourceTree = "<group>";
		};
/* End PBXGroup section */

/* Begin PBXNativeTarget section */
		B727AA561EE5321E00692C4F /* Kontrolno_5.06 */ = {
			isa = PBXNativeTarget;
			buildConfigurationList = B727AA5E1EE5321E00692C4F /* Build configuration list for PBXNativeTarget "Kontrolno_5.06" */;
			buildPhases = (
				B727AA531EE5321E00692C4F /* Sources */,
				B727AA541EE5321E00692C4F /* Frameworks */,
				B727AA551EE5321E00692C4F /* CopyFiles */,
			);
			buildRules = (
			);
			dependencies = (
			);
			name = Kontrolno_5.06;
			productName = Kontrolno_5.06;
			productReference = B727AA571EE5321E00692C4F /* Kontrolno_5.06 */;
			productType = "com.apple.product-type.tool";
		};
/* End PBXNativeTarget section */

/* Begin PBXProject section */
		B727AA4F1EE5321E00692C4F /* Project object */ = {
			isa = PBXProject;
			attributes = {
				LastUpgradeCheck = 0820;
				ORGANIZATIONNAME = Pepi;
				TargetAttributes = {
					B727AA561EE5321E00692C4F = {
						CreatedOnToolsVersion = 8.2.1;
						ProvisioningStyle = Automatic;
					};
				};
			};
			buildConfigurationList = B727AA521EE5321E00692C4F /* Build configuration list for PBXProject "Kontrolno_5.06" */;
			compatibilityVersion = "Xcode 3.2";
			developmentRegion = English;
			hasScannedForEncodings = 0;
			knownRegions = (
				en,
			);
			mainGroup = B727AA4E1EE5321E00692C4F;
			productRefGroup = B727AA581EE5321E00692C4F /* Products */;
			projectDirPath = "";
			projectRoot = "";
			targets = (
				B727AA561EE5321E00692C4F /* Kontrolno_5.06 */,
			);
		};
/* End PBXProject section */

/* Begin PBXSourcesBuildPhase section */
		B727AA531EE5321E00692C4F /* Sources */ = {
			isa = PBXSourcesBuildPhase;
			buildActionMask = 2147483647;
			files = (
				B727AA661EE5347800692C4F /* Hall.cpp in Sources */,
				B727AA5B1EE5321E00692C4F /* main.cpp in Sources */,
				B727AA6D1EE5379D00692C4F /* pugixml.cpp in Sources */,
				B727AA631EE5346000692C4F /* Game.cpp in Sources */,
			);
			runOnlyForDeploymentPostprocessing = 0;
		};
/* End PBXSourcesBuildPhase section */

/* Begin XCBuildConfiguration section */
		B727AA5C1EE5321E00692C4F /* Debug */ = {
			isa = XCBuildConfiguration;
			buildSettings = {
				ALWAYS_SEARCH_USER_PATHS = NO;
				CLANG_ANALYZER_NONNULL = YES;
				CLANG_CXX_LANGUAGE_STANDARD = "gnu++0x";
				CLANG_CXX_LIBRARY = "libc++";
				CLANG_ENABLE_MODULES = YES;
				CLANG_ENABLE_OBJC_ARC = YES;
				CLANG_WARN_BOOL_CONVERSION = YES;
				CLANG_WARN_CONSTANT_CONVERSION = YES;
				CLANG_WARN_DIRECT_OBJC_ISA_USAGE = YES_ERROR;
				CLANG_WARN_DOCUMENTATION_COMMENTS = YES;
				CLANG_WARN_EMPTY_BODY = YES;
				CLANG_WARN_ENUM_CONVERSION = YES;
				CLANG_WARN_INFINITE_RECURSION = YES;
				CLANG_WARN_INT_CONVERSION = YES;
				CLANG_WARN_OBJC_ROOT_CLASS = YES_ERROR;
				CLANG_WARN_SUSPICIOUS_MOVE = YES;
				CLANG_WARN_UNREACHABLE_CODE = YES;
				CLANG_WARN__DUPLICATE_METHOD_MATCH = YES;
				CODE_SIGN_IDENTITY = "-";
				COPY_PHASE_STRIP = NO;
				DEBUG_INFORMATION_FORMAT = dwarf;
				ENABLE_STRICT_OBJC_MSGSEND = YES;
				ENABLE_TESTABILITY = YES;
				GCC_C_LANGUAGE_STANDARD = gnu99;
				GCC_DYNAMIC_NO_PIC = NO;
				GCC_NO_COMMON_BLOCKS = YES;
				GCC_OPTIMIZATION_LEVEL = 0;
				GCC_PREPROCESSOR_DEFINITIONS = (
					"DEBUG=1",
					"$(inherited)",
				);
				GCC_WARN_64_TO_32_BIT_CONVERSION = YES;
				GCC_WARN_ABOUT_RETURN_TYPE = YES_ERROR;
				GCC_WARN_UNDECLARED_SELECTOR = YES;
				GCC_WARN_UNINITIALIZED_AUTOS = YES_AGGRESSIVE;
				GCC_WARN_UNUSED_FUNCTION = YES;
				GCC_WARN_UNUSED_VARIABLE = YES;
				MACOSX_DEPLOYMENT_TARGET = 10.12;
				MTL_ENABLE_DEBUG_INFO = YES;
				ONLY_ACTIVE_ARCH = YES;
				SDKROOT = macosx;
			};
			name = Debug;
		};
		B727AA5D1EE5321E00692C4F /* Release */ = {
			isa = XCBuildConfiguration;
			buildSettings = {
				ALWAYS_SEARCH_USER_PATHS = NO;
				CLANG_ANALYZER_NONNULL = YES;
				CLANG_CXX_LANGUAGE_STANDARD = "gnu++0x";
				CLANG_CXX_LIBRARY = "libc++";
				CLANG_ENABLE_MODULES = YES;
				CLANG_ENABLE_OBJC_ARC = YES;
				CLANG_WARN_BOOL_CONVERSION = YES;
				CLANG_WARN_CONSTANT_CONVERSION = YES;
				CLANG_WARN_DIRECT_OBJC_ISA_USAGE = YES_ERROR;
				CLANG_WARN_DOCUMENTATION_COMMENTS = YES;
				CLANG_WARN_EMPTY_BODY = YES;
				CLANG_WARN_ENUM_CONVERSION = YES;
				CLANG_WARN_INFINITE_RECURSION = YES;
				CLANG_WARN_INT_CONVERSION = YES;
				CLANG_WARN_OBJC_ROOT_CLASS = YES_ERROR;
				CLANG_WARN_SUSPICIOUS_MOVE = YES;
				CLANG_WARN_UNREACHABLE_CODE = YES;
				CLANG_WARN__DUPLICATE_METHOD_MATCH = YES;
				CODE_SIGN_IDENTITY = "-";
				COPY_PHASE_STRIP = NO;
				DEBUG_INFORMATION_FORMAT = "dwarf-with-dsym";
				ENABLE_NS_ASSERTIONS = NO;
				ENABLE_STRICT_OBJC_MSGSEND = YES;
				GCC_C_LANGUAGE_STANDARD = gnu99;
				GCC_NO_COMMON_BLOCKS = YES;
				GCC_WARN_64_TO_32_BIT_CONVERSION = YES;
				GCC_WARN_ABOUT_RETURN_TYPE = YES_ERROR;
				GCC_WARN_UNDECLARED_SELECTOR = YES;
				GCC_WARN_UNINITIALIZED_AUTOS = YES_AGGRESSIVE;
				GCC_WARN_UNUSED_FUNCTION = YES;
				GCC_WARN_UNUSED_VARIABLE = YES;
				MACOSX_DEPLOYMENT_TARGET = 10.12;
				MTL_ENABLE_DEBUG_INFO = NO;
				SDKROOT = macosx;
			};
			name = Release;
		};
		B727AA5F1EE5321E00692C4F /* Debug */ = {
			isa = XCBuildConfiguration;
			buildSettings = {
				PRODUCT_NAME = "$(TARGET_NAME)";
			};
			name = Debug;
		};
		B727AA601EE5321E00692C4F /* Release */ = {
			isa = XCBuildConfiguration;
			buildSettings = {
				PRODUCT_NAME = "$(TARGET_NAME)";
			};
			name = Release;
		};
/* End XCBuildConfiguration section */

/* Begin XCConfigurationList section */
		B727AA521EE5321E00692C4F /* Build configuration list for PBXProject "Kontrolno_5.06" */ = {
			isa = XCConfigurationList;
			buildConfigurations = (
				B727AA5C1EE5321E00692C4F /* Debug */,
				B727AA5D1EE5321E00692C4F /* Release */,
			);
			defaultConfigurationIsVisible = 0;
			defaultConfigurationName = Release;
		};
		B727AA5E1EE5321E00692C4F /* Build configuration list for PBXNativeTarget "Kontrolno_5.06" */ = {
			isa = XCConfigurationList;
			buildConfigurations = (
				B727AA5F1EE5321E00692C4F /* Debug */,
				B727AA601EE5321E00692C4F /* Release */,
			);
			defaultConfigurationIsVisible = 0;
		};
/* End XCConfigurationList section */
	};
	rootObject = B727AA4F1EE5321E00692C4F /* Project object */;
}
