// !$*UTF8*$!
{
	archiveVersion = 1;
	classes = {
	};
	objectVersion = 46;
	objects = {

/* Begin PBXBuildFile section */
		B7132DC51EB20B6200051424 /* main.cpp in Sources */ = {isa = PBXBuildFile; fileRef = B7132DC41EB20B6200051424 /* main.cpp */; };
		B7132DCD1EB20BC500051424 /* ParkWorker.cpp in Sources */ = {isa = PBXBuildFile; fileRef = B7132DCB1EB20BC500051424 /* ParkWorker.cpp */; };
		B7132DD01EB214AE00051424 /* GrassWorker.cpp in Sources */ = {isa = PBXBuildFile; fileRef = B7132DCE1EB214AE00051424 /* GrassWorker.cpp */; };
		B7132DD31EB226D900051424 /* TreeWorker.cpp in Sources */ = {isa = PBXBuildFile; fileRef = B7132DD11EB226D900051424 /* TreeWorker.cpp */; };
		B785DCBE1EC31285005F89C9 /* Operation.cpp in Sources */ = {isa = PBXBuildFile; fileRef = B785DCBC1EC31285005F89C9 /* Operation.cpp */; };
/* End PBXBuildFile section */

/* Begin PBXCopyFilesBuildPhase section */
		B7132DBF1EB20B6200051424 /* CopyFiles */ = {
			isa = PBXCopyFilesBuildPhase;
			buildActionMask = 2147483647;
			dstPath = /usr/share/man/man1/;
			dstSubfolderSpec = 0;
			files = (
			);
			runOnlyForDeploymentPostprocessing = 1;
		};
/* End PBXCopyFilesBuildPhase section */

/* Begin PBXFileReference section */
		B7132DC11EB20B6200051424 /* Nasledqvane_Parkovi_Rabotnici */ = {isa = PBXFileReference; explicitFileType = "compiled.mach-o.executable"; includeInIndex = 0; path = Nasledqvane_Parkovi_Rabotnici; sourceTree = BUILT_PRODUCTS_DIR; };
		B7132DC41EB20B6200051424 /* main.cpp */ = {isa = PBXFileReference; lastKnownFileType = sourcecode.cpp.cpp; path = main.cpp; sourceTree = "<group>"; };
		B7132DCB1EB20BC500051424 /* ParkWorker.cpp */ = {isa = PBXFileReference; fileEncoding = 4; lastKnownFileType = sourcecode.cpp.cpp; path = ParkWorker.cpp; sourceTree = "<group>"; };
		B7132DCC1EB20BC500051424 /* ParkWorker.hpp */ = {isa = PBXFileReference; fileEncoding = 4; lastKnownFileType = sourcecode.cpp.h; path = ParkWorker.hpp; sourceTree = "<group>"; };
		B7132DCE1EB214AE00051424 /* GrassWorker.cpp */ = {isa = PBXFileReference; fileEncoding = 4; lastKnownFileType = sourcecode.cpp.cpp; path = GrassWorker.cpp; sourceTree = "<group>"; };
		B7132DCF1EB214AE00051424 /* GrassWorker.hpp */ = {isa = PBXFileReference; fileEncoding = 4; lastKnownFileType = sourcecode.cpp.h; path = GrassWorker.hpp; sourceTree = "<group>"; };
		B7132DD11EB226D900051424 /* TreeWorker.cpp */ = {isa = PBXFileReference; fileEncoding = 4; lastKnownFileType = sourcecode.cpp.cpp; path = TreeWorker.cpp; sourceTree = "<group>"; };
		B7132DD21EB226D900051424 /* TreeWorker.hpp */ = {isa = PBXFileReference; fileEncoding = 4; lastKnownFileType = sourcecode.cpp.h; path = TreeWorker.hpp; sourceTree = "<group>"; };
		B785DCBC1EC31285005F89C9 /* Operation.cpp */ = {isa = PBXFileReference; fileEncoding = 4; lastKnownFileType = sourcecode.cpp.cpp; path = Operation.cpp; sourceTree = "<group>"; };
		B785DCBD1EC31285005F89C9 /* Operation.hpp */ = {isa = PBXFileReference; fileEncoding = 4; lastKnownFileType = sourcecode.cpp.h; path = Operation.hpp; sourceTree = "<group>"; };
/* End PBXFileReference section */

/* Begin PBXFrameworksBuildPhase section */
		B7132DBE1EB20B6200051424 /* Frameworks */ = {
			isa = PBXFrameworksBuildPhase;
			buildActionMask = 2147483647;
			files = (
			);
			runOnlyForDeploymentPostprocessing = 0;
		};
/* End PBXFrameworksBuildPhase section */

/* Begin PBXGroup section */
		B7132DB81EB20B6200051424 = {
			isa = PBXGroup;
			children = (
				B785DCBC1EC31285005F89C9 /* Operation.cpp */,
				B785DCBD1EC31285005F89C9 /* Operation.hpp */,
				B7132DD11EB226D900051424 /* TreeWorker.cpp */,
				B7132DD21EB226D900051424 /* TreeWorker.hpp */,
				B7132DCE1EB214AE00051424 /* GrassWorker.cpp */,
				B7132DCF1EB214AE00051424 /* GrassWorker.hpp */,
				B7132DCB1EB20BC500051424 /* ParkWorker.cpp */,
				B7132DCC1EB20BC500051424 /* ParkWorker.hpp */,
				B7132DC31EB20B6200051424 /* Nasledqvane_Parkovi_Rabotnici */,
				B7132DC21EB20B6200051424 /* Products */,
			);
			sourceTree = "<group>";
		};
		B7132DC21EB20B6200051424 /* Products */ = {
			isa = PBXGroup;
			children = (
				B7132DC11EB20B6200051424 /* Nasledqvane_Parkovi_Rabotnici */,
			);
			name = Products;
			sourceTree = "<group>";
		};
		B7132DC31EB20B6200051424 /* Nasledqvane_Parkovi_Rabotnici */ = {
			isa = PBXGroup;
			children = (
				B7132DC41EB20B6200051424 /* main.cpp */,
			);
			path = Nasledqvane_Parkovi_Rabotnici;
			sourceTree = "<group>";
		};
/* End PBXGroup section */

/* Begin PBXNativeTarget section */
		B7132DC01EB20B6200051424 /* Nasledqvane_Parkovi_Rabotnici */ = {
			isa = PBXNativeTarget;
			buildConfigurationList = B7132DC81EB20B6200051424 /* Build configuration list for PBXNativeTarget "Nasledqvane_Parkovi_Rabotnici" */;
			buildPhases = (
				B7132DBD1EB20B6200051424 /* Sources */,
				B7132DBE1EB20B6200051424 /* Frameworks */,
				B7132DBF1EB20B6200051424 /* CopyFiles */,
			);
			buildRules = (
			);
			dependencies = (
			);
			name = Nasledqvane_Parkovi_Rabotnici;
			productName = Nasledqvane_Parkovi_Rabotnici;
			productReference = B7132DC11EB20B6200051424 /* Nasledqvane_Parkovi_Rabotnici */;
			productType = "com.apple.product-type.tool";
		};
/* End PBXNativeTarget section */

/* Begin PBXProject section */
		B7132DB91EB20B6200051424 /* Project object */ = {
			isa = PBXProject;
			attributes = {
				LastUpgradeCheck = 0820;
				ORGANIZATIONNAME = Pepi;
				TargetAttributes = {
					B7132DC01EB20B6200051424 = {
						CreatedOnToolsVersion = 8.2.1;
						ProvisioningStyle = Automatic;
					};
				};
			};
			buildConfigurationList = B7132DBC1EB20B6200051424 /* Build configuration list for PBXProject "Nasledqvane_Parkovi_Rabotnici" */;
			compatibilityVersion = "Xcode 3.2";
			developmentRegion = English;
			hasScannedForEncodings = 0;
			knownRegions = (
				en,
			);
			mainGroup = B7132DB81EB20B6200051424;
			productRefGroup = B7132DC21EB20B6200051424 /* Products */;
			projectDirPath = "";
			projectRoot = "";
			targets = (
				B7132DC01EB20B6200051424 /* Nasledqvane_Parkovi_Rabotnici */,
			);
		};
/* End PBXProject section */

/* Begin PBXSourcesBuildPhase section */
		B7132DBD1EB20B6200051424 /* Sources */ = {
			isa = PBXSourcesBuildPhase;
			buildActionMask = 2147483647;
			files = (
				B7132DD01EB214AE00051424 /* GrassWorker.cpp in Sources */,
				B7132DD31EB226D900051424 /* TreeWorker.cpp in Sources */,
				B7132DC51EB20B6200051424 /* main.cpp in Sources */,
				B785DCBE1EC31285005F89C9 /* Operation.cpp in Sources */,
				B7132DCD1EB20BC500051424 /* ParkWorker.cpp in Sources */,
			);
			runOnlyForDeploymentPostprocessing = 0;
		};
/* End PBXSourcesBuildPhase section */

/* Begin XCBuildConfiguration section */
		B7132DC61EB20B6200051424 /* Debug */ = {
			isa = XCBuildConfiguration;
			buildSettings = {
				ALWAYS_SEARCH_USER_PATHS = NO;
				CLANG_ANALYZER_NONNULL = YES;
				CLANG_CXX_LANGUAGE_STANDARD = "gnu++0x";
				CLANG_CXX_LIBRARY = "libc++";
				CLANG_ENABLE_MODULES = YES;
				CLANG_ENABLE_OBJC_ARC = YES;
				CLANG_WARN_BOOL_CONVERSION = YES;
				CLANG_WARN_CONSTANT_CONVERSION = YES;
				CLANG_WARN_DIRECT_OBJC_ISA_USAGE = YES_ERROR;
				CLANG_WARN_DOCUMENTATION_COMMENTS = YES;
				CLANG_WARN_EMPTY_BODY = YES;
				CLANG_WARN_ENUM_CONVERSION = YES;
				CLANG_WARN_INFINITE_RECURSION = YES;
				CLANG_WARN_INT_CONVERSION = YES;
				CLANG_WARN_OBJC_ROOT_CLASS = YES_ERROR;
				CLANG_WARN_SUSPICIOUS_MOVE = YES;
				CLANG_WARN_UNREACHABLE_CODE = YES;
				CLANG_WARN__DUPLICATE_METHOD_MATCH = YES;
				CODE_SIGN_IDENTITY = "-";
				COPY_PHASE_STRIP = NO;
				DEBUG_INFORMATION_FORMAT = dwarf;
				ENABLE_STRICT_OBJC_MSGSEND = YES;
				ENABLE_TESTABILITY = YES;
				GCC_C_LANGUAGE_STANDARD = gnu99;
				GCC_DYNAMIC_NO_PIC = NO;
				GCC_NO_COMMON_BLOCKS = YES;
				GCC_OPTIMIZATION_LEVEL = 0;
				GCC_PREPROCESSOR_DEFINITIONS = (
					"DEBUG=1",
					"$(inherited)",
				);
				GCC_WARN_64_TO_32_BIT_CONVERSION = YES;
				GCC_WARN_ABOUT_RETURN_TYPE = YES_ERROR;
				GCC_WARN_UNDECLARED_SELECTOR = YES;
				GCC_WARN_UNINITIALIZED_AUTOS = YES_AGGRESSIVE;
				GCC_WARN_UNUSED_FUNCTION = YES;
				GCC_WARN_UNUSED_VARIABLE = YES;
				MACOSX_DEPLOYMENT_TARGET = 10.12;
				MTL_ENABLE_DEBUG_INFO = YES;
				ONLY_ACTIVE_ARCH = YES;
				SDKROOT = macosx;
			};
			name = Debug;
		};
		B7132DC71EB20B6200051424 /* Release */ = {
			isa = XCBuildConfiguration;
			buildSettings = {
				ALWAYS_SEARCH_USER_PATHS = NO;
				CLANG_ANALYZER_NONNULL = YES;
				CLANG_CXX_LANGUAGE_STANDARD = "gnu++0x";
				CLANG_CXX_LIBRARY = "libc++";
				CLANG_ENABLE_MODULES = YES;
				CLANG_ENABLE_OBJC_ARC = YES;
				CLANG_WARN_BOOL_CONVERSION = YES;
				CLANG_WARN_CONSTANT_CONVERSION = YES;
				CLANG_WARN_DIRECT_OBJC_ISA_USAGE = YES_ERROR;
				CLANG_WARN_DOCUMENTATION_COMMENTS = YES;
				CLANG_WARN_EMPTY_BODY = YES;
				CLANG_WARN_ENUM_CONVERSION = YES;
				CLANG_WARN_INFINITE_RECURSION = YES;
				CLANG_WARN_INT_CONVERSION = YES;
				CLANG_WARN_OBJC_ROOT_CLASS = YES_ERROR;
				CLANG_WARN_SUSPICIOUS_MOVE = YES;
				CLANG_WARN_UNREACHABLE_CODE = YES;
				CLANG_WARN__DUPLICATE_METHOD_MATCH = YES;
				CODE_SIGN_IDENTITY = "-";
				COPY_PHASE_STRIP = NO;
				DEBUG_INFORMATION_FORMAT = "dwarf-with-dsym";
				ENABLE_NS_ASSERTIONS = NO;
				ENABLE_STRICT_OBJC_MSGSEND = YES;
				GCC_C_LANGUAGE_STANDARD = gnu99;
				GCC_NO_COMMON_BLOCKS = YES;
				GCC_WARN_64_TO_32_BIT_CONVERSION = YES;
				GCC_WARN_ABOUT_RETURN_TYPE = YES_ERROR;
				GCC_WARN_UNDECLARED_SELECTOR = YES;
				GCC_WARN_UNINITIALIZED_AUTOS = YES_AGGRESSIVE;
				GCC_WARN_UNUSED_FUNCTION = YES;
				GCC_WARN_UNUSED_VARIABLE = YES;
				MACOSX_DEPLOYMENT_TARGET = 10.12;
				MTL_ENABLE_DEBUG_INFO = NO;
				SDKROOT = macosx;
			};
			name = Release;
		};
		B7132DC91EB20B6200051424 /* Debug */ = {
			isa = XCBuildConfiguration;
			buildSettings = {
				PRODUCT_NAME = "$(TARGET_NAME)";
			};
			name = Debug;
		};
		B7132DCA1EB20B6200051424 /* Release */ = {
			isa = XCBuildConfiguration;
			buildSettings = {
				PRODUCT_NAME = "$(TARGET_NAME)";
			};
			name = Release;
		};
/* End XCBuildConfiguration section */

/* Begin XCConfigurationList section */
		B7132DBC1EB20B6200051424 /* Build configuration list for PBXProject "Nasledqvane_Parkovi_Rabotnici" */ = {
			isa = XCConfigurationList;
			buildConfigurations = (
				B7132DC61EB20B6200051424 /* Debug */,
				B7132DC71EB20B6200051424 /* Release */,
			);
			defaultConfigurationIsVisible = 0;
			defaultConfigurationName = Release;
		};
		B7132DC81EB20B6200051424 /* Build configuration list for PBXNativeTarget "Nasledqvane_Parkovi_Rabotnici" */ = {
			isa = XCConfigurationList;
			buildConfigurations = (
				B7132DC91EB20B6200051424 /* Debug */,
				B7132DCA1EB20B6200051424 /* Release */,
			);
			defaultConfigurationIsVisible = 0;
			defaultConfigurationName = Release;
		};
/* End XCConfigurationList section */
	};
	rootObject = B7132DB91EB20B6200051424 /* Project object */;
}
