// !$*UTF8*$!
{
	archiveVersion = 1;
	classes = {
	};
	objectVersion = 46;
	objects = {

/* Begin PBXBuildFile section */
		B7132D491EABA34B00051424 /* main.cpp in Sources */ = {isa = PBXBuildFile; fileRef = B7132D481EABA34B00051424 /* main.cpp */; };
		B7132D511EABA37400051424 /* ComunityMember.cpp in Sources */ = {isa = PBXBuildFile; fileRef = B7132D4F1EABA37400051424 /* ComunityMember.cpp */; };
		B7132D541EABEF0D00051424 /* Employee.cpp in Sources */ = {isa = PBXBuildFile; fileRef = B7132D521EABEF0D00051424 /* Employee.cpp */; };
		B7132D571EABF57500051424 /* Student.cpp in Sources */ = {isa = PBXBuildFile; fileRef = B7132D551EABF57500051424 /* Student.cpp */; };
		B7132D5A1EABFC7A00051424 /* Staff.cpp in Sources */ = {isa = PBXBuildFile; fileRef = B7132D581EABFC7A00051424 /* Staff.cpp */; };
		B7132D791EADD74C00051424 /* Adress.cpp in Sources */ = {isa = PBXBuildFile; fileRef = B7132D771EADD74C00051424 /* Adress.cpp */; };
/* End PBXBuildFile section */

/* Begin PBXCopyFilesBuildPhase section */
		B7132D431EABA34B00051424 /* CopyFiles */ = {
			isa = PBXCopyFilesBuildPhase;
			buildActionMask = 2147483647;
			dstPath = /usr/share/man/man1/;
			dstSubfolderSpec = 0;
			files = (
			);
			runOnlyForDeploymentPostprocessing = 1;
		};
/* End PBXCopyFilesBuildPhase section */

/* Begin PBXFileReference section */
		B7132D451EABA34B00051424 /* Nasledqvane_Comunity_Member */ = {isa = PBXFileReference; explicitFileType = "compiled.mach-o.executable"; includeInIndex = 0; path = Nasledqvane_Comunity_Member; sourceTree = BUILT_PRODUCTS_DIR; };
		B7132D481EABA34B00051424 /* main.cpp */ = {isa = PBXFileReference; lastKnownFileType = sourcecode.cpp.cpp; path = main.cpp; sourceTree = "<group>"; };
		B7132D4F1EABA37400051424 /* ComunityMember.cpp */ = {isa = PBXFileReference; fileEncoding = 4; lastKnownFileType = sourcecode.cpp.cpp; path = ComunityMember.cpp; sourceTree = "<group>"; };
		B7132D501EABA37400051424 /* ComunityMember.hpp */ = {isa = PBXFileReference; fileEncoding = 4; lastKnownFileType = sourcecode.cpp.h; path = ComunityMember.hpp; sourceTree = "<group>"; };
		B7132D521EABEF0D00051424 /* Employee.cpp */ = {isa = PBXFileReference; fileEncoding = 4; lastKnownFileType = sourcecode.cpp.cpp; path = Employee.cpp; sourceTree = "<group>"; };
		B7132D531EABEF0D00051424 /* Employee.hpp */ = {isa = PBXFileReference; fileEncoding = 4; lastKnownFileType = sourcecode.cpp.h; path = Employee.hpp; sourceTree = "<group>"; };
		B7132D551EABF57500051424 /* Student.cpp */ = {isa = PBXFileReference; fileEncoding = 4; lastKnownFileType = sourcecode.cpp.cpp; path = Student.cpp; sourceTree = "<group>"; };
		B7132D561EABF57500051424 /* Student.hpp */ = {isa = PBXFileReference; fileEncoding = 4; lastKnownFileType = sourcecode.cpp.h; path = Student.hpp; sourceTree = "<group>"; };
		B7132D581EABFC7A00051424 /* Staff.cpp */ = {isa = PBXFileReference; fileEncoding = 4; lastKnownFileType = sourcecode.cpp.cpp; path = Staff.cpp; sourceTree = "<group>"; };
		B7132D591EABFC7A00051424 /* Staff.hpp */ = {isa = PBXFileReference; fileEncoding = 4; lastKnownFileType = sourcecode.cpp.h; path = Staff.hpp; sourceTree = "<group>"; };
		B7132D771EADD74C00051424 /* Adress.cpp */ = {isa = PBXFileReference; fileEncoding = 4; lastKnownFileType = sourcecode.cpp.cpp; path = Adress.cpp; sourceTree = "<group>"; };
		B7132D781EADD74C00051424 /* Adress.hpp */ = {isa = PBXFileReference; fileEncoding = 4; lastKnownFileType = sourcecode.cpp.h; path = Adress.hpp; sourceTree = "<group>"; };
/* End PBXFileReference section */

/* Begin PBXFrameworksBuildPhase section */
		B7132D421EABA34B00051424 /* Frameworks */ = {
			isa = PBXFrameworksBuildPhase;
			buildActionMask = 2147483647;
			files = (
			);
			runOnlyForDeploymentPostprocessing = 0;
		};
/* End PBXFrameworksBuildPhase section */

/* Begin PBXGroup section */
		B7132D3C1EABA34B00051424 = {
			isa = PBXGroup;
			children = (
				B7132D771EADD74C00051424 /* Adress.cpp */,
				B7132D781EADD74C00051424 /* Adress.hpp */,
				B7132D581EABFC7A00051424 /* Staff.cpp */,
				B7132D591EABFC7A00051424 /* Staff.hpp */,
				B7132D551EABF57500051424 /* Student.cpp */,
				B7132D561EABF57500051424 /* Student.hpp */,
				B7132D521EABEF0D00051424 /* Employee.cpp */,
				B7132D531EABEF0D00051424 /* Employee.hpp */,
				B7132D4F1EABA37400051424 /* ComunityMember.cpp */,
				B7132D501EABA37400051424 /* ComunityMember.hpp */,
				B7132D471EABA34B00051424 /* Nasledqvane_Comunity_Member */,
				B7132D461EABA34B00051424 /* Products */,
			);
			sourceTree = "<group>";
		};
		B7132D461EABA34B00051424 /* Products */ = {
			isa = PBXGroup;
			children = (
				B7132D451EABA34B00051424 /* Nasledqvane_Comunity_Member */,
			);
			name = Products;
			sourceTree = "<group>";
		};
		B7132D471EABA34B00051424 /* Nasledqvane_Comunity_Member */ = {
			isa = PBXGroup;
			children = (
				B7132D481EABA34B00051424 /* main.cpp */,
			);
			path = Nasledqvane_Comunity_Member;
			sourceTree = "<group>";
		};
/* End PBXGroup section */

/* Begin PBXNativeTarget section */
		B7132D441EABA34B00051424 /* Nasledqvane_Comunity_Member */ = {
			isa = PBXNativeTarget;
			buildConfigurationList = B7132D4C1EABA34B00051424 /* Build configuration list for PBXNativeTarget "Nasledqvane_Comunity_Member" */;
			buildPhases = (
				B7132D411EABA34B00051424 /* Sources */,
				B7132D421EABA34B00051424 /* Frameworks */,
				B7132D431EABA34B00051424 /* CopyFiles */,
			);
			buildRules = (
			);
			dependencies = (
			);
			name = Nasledqvane_Comunity_Member;
			productName = Nasledqvane_Comunity_Member;
			productReference = B7132D451EABA34B00051424 /* Nasledqvane_Comunity_Member */;
			productType = "com.apple.product-type.tool";
		};
/* End PBXNativeTarget section */

/* Begin PBXProject section */
		B7132D3D1EABA34B00051424 /* Project object */ = {
			isa = PBXProject;
			attributes = {
				LastUpgradeCheck = 0820;
				ORGANIZATIONNAME = Pepi;
				TargetAttributes = {
					B7132D441EABA34B00051424 = {
						CreatedOnToolsVersion = 8.2.1;
						ProvisioningStyle = Automatic;
					};
				};
			};
			buildConfigurationList = B7132D401EABA34B00051424 /* Build configuration list for PBXProject "Nasledqvane_Comunity_Member" */;
			compatibilityVersion = "Xcode 3.2";
			developmentRegion = English;
			hasScannedForEncodings = 0;
			knownRegions = (
				en,
			);
			mainGroup = B7132D3C1EABA34B00051424;
			productRefGroup = B7132D461EABA34B00051424 /* Products */;
			projectDirPath = "";
			projectRoot = "";
			targets = (
				B7132D441EABA34B00051424 /* Nasledqvane_Comunity_Member */,
			);
		};
/* End PBXProject section */

/* Begin PBXSourcesBuildPhase section */
		B7132D411EABA34B00051424 /* Sources */ = {
			isa = PBXSourcesBuildPhase;
			buildActionMask = 2147483647;
			files = (
				B7132D5A1EABFC7A00051424 /* Staff.cpp in Sources */,
				B7132D491EABA34B00051424 /* main.cpp in Sources */,
				B7132D511EABA37400051424 /* ComunityMember.cpp in Sources */,
				B7132D541EABEF0D00051424 /* Employee.cpp in Sources */,
				B7132D571EABF57500051424 /* Student.cpp in Sources */,
				B7132D791EADD74C00051424 /* Adress.cpp in Sources */,
			);
			runOnlyForDeploymentPostprocessing = 0;
		};
/* End PBXSourcesBuildPhase section */

/* Begin XCBuildConfiguration section */
		B7132D4A1EABA34B00051424 /* Debug */ = {
			isa = XCBuildConfiguration;
			buildSettings = {
				ALWAYS_SEARCH_USER_PATHS = NO;
				CLANG_ANALYZER_NONNULL = YES;
				CLANG_CXX_LANGUAGE_STANDARD = "gnu++0x";
				CLANG_CXX_LIBRARY = "libc++";
				CLANG_ENABLE_MODULES = YES;
				CLANG_ENABLE_OBJC_ARC = YES;
				CLANG_WARN_BOOL_CONVERSION = YES;
				CLANG_WARN_CONSTANT_CONVERSION = YES;
				CLANG_WARN_DIRECT_OBJC_ISA_USAGE = YES_ERROR;
				CLANG_WARN_DOCUMENTATION_COMMENTS = YES;
				CLANG_WARN_EMPTY_BODY = YES;
				CLANG_WARN_ENUM_CONVERSION = YES;
				CLANG_WARN_INFINITE_RECURSION = YES;
				CLANG_WARN_INT_CONVERSION = YES;
				CLANG_WARN_OBJC_ROOT_CLASS = YES_ERROR;
				CLANG_WARN_SUSPICIOUS_MOVE = YES;
				CLANG_WARN_UNREACHABLE_CODE = YES;
				CLANG_WARN__DUPLICATE_METHOD_MATCH = YES;
				CODE_SIGN_IDENTITY = "-";
				COPY_PHASE_STRIP = NO;
				DEBUG_INFORMATION_FORMAT = dwarf;
				ENABLE_STRICT_OBJC_MSGSEND = YES;
				ENABLE_TESTABILITY = YES;
				GCC_C_LANGUAGE_STANDARD = gnu99;
				GCC_DYNAMIC_NO_PIC = NO;
				GCC_NO_COMMON_BLOCKS = YES;
				GCC_OPTIMIZATION_LEVEL = 0;
				GCC_PREPROCESSOR_DEFINITIONS = (
					"DEBUG=1",
					"$(inherited)",
				);
				GCC_WARN_64_TO_32_BIT_CONVERSION = YES;
				GCC_WARN_ABOUT_RETURN_TYPE = YES_ERROR;
				GCC_WARN_UNDECLARED_SELECTOR = YES;
				GCC_WARN_UNINITIALIZED_AUTOS = YES_AGGRESSIVE;
				GCC_WARN_UNUSED_FUNCTION = YES;
				GCC_WARN_UNUSED_VARIABLE = YES;
				MACOSX_DEPLOYMENT_TARGET = 10.12;
				MTL_ENABLE_DEBUG_INFO = YES;
				ONLY_ACTIVE_ARCH = YES;
				SDKROOT = macosx;
			};
			name = Debug;
		};
		B7132D4B1EABA34B00051424 /* Release */ = {
			isa = XCBuildConfiguration;
			buildSettings = {
				ALWAYS_SEARCH_USER_PATHS = NO;
				CLANG_ANALYZER_NONNULL = YES;
				CLANG_CXX_LANGUAGE_STANDARD = "gnu++0x";
				CLANG_CXX_LIBRARY = "libc++";
				CLANG_ENABLE_MODULES = YES;
				CLANG_ENABLE_OBJC_ARC = YES;
				CLANG_WARN_BOOL_CONVERSION = YES;
				CLANG_WARN_CONSTANT_CONVERSION = YES;
				CLANG_WARN_DIRECT_OBJC_ISA_USAGE = YES_ERROR;
				CLANG_WARN_DOCUMENTATION_COMMENTS = YES;
				CLANG_WARN_EMPTY_BODY = YES;
				CLANG_WARN_ENUM_CONVERSION = YES;
				CLANG_WARN_INFINITE_RECURSION = YES;
				CLANG_WARN_INT_CONVERSION = YES;
				CLANG_WARN_OBJC_ROOT_CLASS = YES_ERROR;
				CLANG_WARN_SUSPICIOUS_MOVE = YES;
				CLANG_WARN_UNREACHABLE_CODE = YES;
				CLANG_WARN__DUPLICATE_METHOD_MATCH = YES;
				CODE_SIGN_IDENTITY = "-";
				COPY_PHASE_STRIP = NO;
				DEBUG_INFORMATION_FORMAT = "dwarf-with-dsym";
				ENABLE_NS_ASSERTIONS = NO;
				ENABLE_STRICT_OBJC_MSGSEND = YES;
				GCC_C_LANGUAGE_STANDARD = gnu99;
				GCC_NO_COMMON_BLOCKS = YES;
				GCC_WARN_64_TO_32_BIT_CONVERSION = YES;
				GCC_WARN_ABOUT_RETURN_TYPE = YES_ERROR;
				GCC_WARN_UNDECLARED_SELECTOR = YES;
				GCC_WARN_UNINITIALIZED_AUTOS = YES_AGGRESSIVE;
				GCC_WARN_UNUSED_FUNCTION = YES;
				GCC_WARN_UNUSED_VARIABLE = YES;
				MACOSX_DEPLOYMENT_TARGET = 10.12;
				MTL_ENABLE_DEBUG_INFO = NO;
				SDKROOT = macosx;
			};
			name = Release;
		};
		B7132D4D1EABA34B00051424 /* Debug */ = {
			isa = XCBuildConfiguration;
			buildSettings = {
				PRODUCT_NAME = "$(TARGET_NAME)";
			};
			name = Debug;
		};
		B7132D4E1EABA34B00051424 /* Release */ = {
			isa = XCBuildConfiguration;
			buildSettings = {
				PRODUCT_NAME = "$(TARGET_NAME)";
			};
			name = Release;
		};
/* End XCBuildConfiguration section */

/* Begin XCConfigurationList section */
		B7132D401EABA34B00051424 /* Build configuration list for PBXProject "Nasledqvane_Comunity_Member" */ = {
			isa = XCConfigurationList;
			buildConfigurations = (
				B7132D4A1EABA34B00051424 /* Debug */,
				B7132D4B1EABA34B00051424 /* Release */,
			);
			defaultConfigurationIsVisible = 0;
			defaultConfigurationName = Release;
		};
		B7132D4C1EABA34B00051424 /* Build configuration list for PBXNativeTarget "Nasledqvane_Comunity_Member" */ = {
			isa = XCConfigurationList;
			buildConfigurations = (
				B7132D4D1EABA34B00051424 /* Debug */,
				B7132D4E1EABA34B00051424 /* Release */,
			);
			defaultConfigurationIsVisible = 0;
		};
/* End XCConfigurationList section */
	};
	rootObject = B7132D3D1EABA34B00051424 /* Project object */;
}
