// !$*UTF8*$!
{
	archiveVersion = 1;
	classes = {
	};
	objectVersion = 46;
	objects = {

/* Begin PBXBuildFile section */
		B72C986B1ECC92AF00691FE7 /* main.cpp in Sources */ = {isa = PBXBuildFile; fileRef = B72C986A1ECC92AF00691FE7 /* main.cpp */; };
		B72C98731ECC947C00691FE7 /* Director.cpp in Sources */ = {isa = PBXBuildFile; fileRef = B72C98711ECC947C00691FE7 /* Director.cpp */; };
		B72C98761ECC949900691FE7 /* Movie.cpp in Sources */ = {isa = PBXBuildFile; fileRef = B72C98741ECC949900691FE7 /* Movie.cpp */; };
		B72C98791ECC94FE00691FE7 /* VideoLibrary.cpp in Sources */ = {isa = PBXBuildFile; fileRef = B72C98771ECC94FE00691FE7 /* VideoLibrary.cpp */; };
/* End PBXBuildFile section */

/* Begin PBXCopyFilesBuildPhase section */
		B72C98651ECC92AF00691FE7 /* CopyFiles */ = {
			isa = PBXCopyFilesBuildPhase;
			buildActionMask = 2147483647;
			dstPath = /usr/share/man/man1/;
			dstSubfolderSpec = 0;
			files = (
			);
			runOnlyForDeploymentPostprocessing = 1;
		};
/* End PBXCopyFilesBuildPhase section */

/* Begin PBXFileReference section */
		B72C98671ECC92AF00691FE7 /* Nasledqvane_Kompoziciq_Videoteka */ = {isa = PBXFileReference; explicitFileType = "compiled.mach-o.executable"; includeInIndex = 0; path = Nasledqvane_Kompoziciq_Videoteka; sourceTree = BUILT_PRODUCTS_DIR; };
		B72C986A1ECC92AF00691FE7 /* main.cpp */ = {isa = PBXFileReference; lastKnownFileType = sourcecode.cpp.cpp; path = main.cpp; sourceTree = "<group>"; };
		B72C98711ECC947C00691FE7 /* Director.cpp */ = {isa = PBXFileReference; fileEncoding = 4; lastKnownFileType = sourcecode.cpp.cpp; path = Director.cpp; sourceTree = "<group>"; };
		B72C98721ECC947C00691FE7 /* Director.hpp */ = {isa = PBXFileReference; fileEncoding = 4; lastKnownFileType = sourcecode.cpp.h; path = Director.hpp; sourceTree = "<group>"; };
		B72C98741ECC949900691FE7 /* Movie.cpp */ = {isa = PBXFileReference; fileEncoding = 4; lastKnownFileType = sourcecode.cpp.cpp; path = Movie.cpp; sourceTree = "<group>"; };
		B72C98751ECC949900691FE7 /* Movie.hpp */ = {isa = PBXFileReference; fileEncoding = 4; lastKnownFileType = sourcecode.cpp.h; path = Movie.hpp; sourceTree = "<group>"; };
		B72C98771ECC94FE00691FE7 /* VideoLibrary.cpp */ = {isa = PBXFileReference; fileEncoding = 4; lastKnownFileType = sourcecode.cpp.cpp; path = VideoLibrary.cpp; sourceTree = "<group>"; };
		B72C98781ECC94FE00691FE7 /* VideoLibrary.hpp */ = {isa = PBXFileReference; fileEncoding = 4; lastKnownFileType = sourcecode.cpp.h; path = VideoLibrary.hpp; sourceTree = "<group>"; };
/* End PBXFileReference section */

/* Begin PBXFrameworksBuildPhase section */
		B72C98641ECC92AF00691FE7 /* Frameworks */ = {
			isa = PBXFrameworksBuildPhase;
			buildActionMask = 2147483647;
			files = (
			);
			runOnlyForDeploymentPostprocessing = 0;
		};
/* End PBXFrameworksBuildPhase section */

/* Begin PBXGroup section */
		B72C985E1ECC92AF00691FE7 = {
			isa = PBXGroup;
			children = (
				B72C98771ECC94FE00691FE7 /* VideoLibrary.cpp */,
				B72C98781ECC94FE00691FE7 /* VideoLibrary.hpp */,
				B72C98741ECC949900691FE7 /* Movie.cpp */,
				B72C98751ECC949900691FE7 /* Movie.hpp */,
				B72C98711ECC947C00691FE7 /* Director.cpp */,
				B72C98721ECC947C00691FE7 /* Director.hpp */,
				B72C98691ECC92AF00691FE7 /* Nasledqvane_Kompoziciq_Videoteka */,
				B72C98681ECC92AF00691FE7 /* Products */,
			);
			sourceTree = "<group>";
		};
		B72C98681ECC92AF00691FE7 /* Products */ = {
			isa = PBXGroup;
			children = (
				B72C98671ECC92AF00691FE7 /* Nasledqvane_Kompoziciq_Videoteka */,
			);
			name = Products;
			sourceTree = "<group>";
		};
		B72C98691ECC92AF00691FE7 /* Nasledqvane_Kompoziciq_Videoteka */ = {
			isa = PBXGroup;
			children = (
				B72C986A1ECC92AF00691FE7 /* main.cpp */,
			);
			path = Nasledqvane_Kompoziciq_Videoteka;
			sourceTree = "<group>";
		};
/* End PBXGroup section */

/* Begin PBXNativeTarget section */
		B72C98661ECC92AF00691FE7 /* Nasledqvane_Kompoziciq_Videoteka */ = {
			isa = PBXNativeTarget;
			buildConfigurationList = B72C986E1ECC92AF00691FE7 /* Build configuration list for PBXNativeTarget "Nasledqvane_Kompoziciq_Videoteka" */;
			buildPhases = (
				B72C98631ECC92AF00691FE7 /* Sources */,
				B72C98641ECC92AF00691FE7 /* Frameworks */,
				B72C98651ECC92AF00691FE7 /* CopyFiles */,
			);
			buildRules = (
			);
			dependencies = (
			);
			name = Nasledqvane_Kompoziciq_Videoteka;
			productName = Nasledqvane_Kompoziciq_Videoteka;
			productReference = B72C98671ECC92AF00691FE7 /* Nasledqvane_Kompoziciq_Videoteka */;
			productType = "com.apple.product-type.tool";
		};
/* End PBXNativeTarget section */

/* Begin PBXProject section */
		B72C985F1ECC92AF00691FE7 /* Project object */ = {
			isa = PBXProject;
			attributes = {
				LastUpgradeCheck = 0820;
				ORGANIZATIONNAME = Pepi;
				TargetAttributes = {
					B72C98661ECC92AF00691FE7 = {
						CreatedOnToolsVersion = 8.2.1;
						ProvisioningStyle = Automatic;
					};
				};
			};
			buildConfigurationList = B72C98621ECC92AF00691FE7 /* Build configuration list for PBXProject "Nasledqvane_Kompoziciq_Videoteka" */;
			compatibilityVersion = "Xcode 3.2";
			developmentRegion = English;
			hasScannedForEncodings = 0;
			knownRegions = (
				en,
			);
			mainGroup = B72C985E1ECC92AF00691FE7;
			productRefGroup = B72C98681ECC92AF00691FE7 /* Products */;
			projectDirPath = "";
			projectRoot = "";
			targets = (
				B72C98661ECC92AF00691FE7 /* Nasledqvane_Kompoziciq_Videoteka */,
			);
		};
/* End PBXProject section */

/* Begin PBXSourcesBuildPhase section */
		B72C98631ECC92AF00691FE7 /* Sources */ = {
			isa = PBXSourcesBuildPhase;
			buildActionMask = 2147483647;
			files = (
				B72C98761ECC949900691FE7 /* Movie.cpp in Sources */,
				B72C98791ECC94FE00691FE7 /* VideoLibrary.cpp in Sources */,
				B72C986B1ECC92AF00691FE7 /* main.cpp in Sources */,
				B72C98731ECC947C00691FE7 /* Director.cpp in Sources */,
			);
			runOnlyForDeploymentPostprocessing = 0;
		};
/* End PBXSourcesBuildPhase section */

/* Begin XCBuildConfiguration section */
		B72C986C1ECC92AF00691FE7 /* Debug */ = {
			isa = XCBuildConfiguration;
			buildSettings = {
				ALWAYS_SEARCH_USER_PATHS = NO;
				CLANG_ANALYZER_NONNULL = YES;
				CLANG_CXX_LANGUAGE_STANDARD = "gnu++0x";
				CLANG_CXX_LIBRARY = "libc++";
				CLANG_ENABLE_MODULES = YES;
				CLANG_ENABLE_OBJC_ARC = YES;
				CLANG_WARN_BOOL_CONVERSION = YES;
				CLANG_WARN_CONSTANT_CONVERSION = YES;
				CLANG_WARN_DIRECT_OBJC_ISA_USAGE = YES_ERROR;
				CLANG_WARN_DOCUMENTATION_COMMENTS = YES;
				CLANG_WARN_EMPTY_BODY = YES;
				CLANG_WARN_ENUM_CONVERSION = YES;
				CLANG_WARN_INFINITE_RECURSION = YES;
				CLANG_WARN_INT_CONVERSION = YES;
				CLANG_WARN_OBJC_ROOT_CLASS = YES_ERROR;
				CLANG_WARN_SUSPICIOUS_MOVE = YES;
				CLANG_WARN_UNREACHABLE_CODE = YES;
				CLANG_WARN__DUPLICATE_METHOD_MATCH = YES;
				CODE_SIGN_IDENTITY = "-";
				COPY_PHASE_STRIP = NO;
				DEBUG_INFORMATION_FORMAT = dwarf;
				ENABLE_STRICT_OBJC_MSGSEND = YES;
				ENABLE_TESTABILITY = YES;
				GCC_C_LANGUAGE_STANDARD = gnu99;
				GCC_DYNAMIC_NO_PIC = NO;
				GCC_NO_COMMON_BLOCKS = YES;
				GCC_OPTIMIZATION_LEVEL = 0;
				GCC_PREPROCESSOR_DEFINITIONS = (
					"DEBUG=1",
					"$(inherited)",
				);
				GCC_WARN_64_TO_32_BIT_CONVERSION = YES;
				GCC_WARN_ABOUT_RETURN_TYPE = YES_ERROR;
				GCC_WARN_UNDECLARED_SELECTOR = YES;
				GCC_WARN_UNINITIALIZED_AUTOS = YES_AGGRESSIVE;
				GCC_WARN_UNUSED_FUNCTION = YES;
				GCC_WARN_UNUSED_VARIABLE = YES;
				MACOSX_DEPLOYMENT_TARGET = 10.12;
				MTL_ENABLE_DEBUG_INFO = YES;
				ONLY_ACTIVE_ARCH = YES;
				SDKROOT = macosx;
			};
			name = Debug;
		};
		B72C986D1ECC92AF00691FE7 /* Release */ = {
			isa = XCBuildConfiguration;
			buildSettings = {
				ALWAYS_SEARCH_USER_PATHS = NO;
				CLANG_ANALYZER_NONNULL = YES;
				CLANG_CXX_LANGUAGE_STANDARD = "gnu++0x";
				CLANG_CXX_LIBRARY = "libc++";
				CLANG_ENABLE_MODULES = YES;
				CLANG_ENABLE_OBJC_ARC = YES;
				CLANG_WARN_BOOL_CONVERSION = YES;
				CLANG_WARN_CONSTANT_CONVERSION = YES;
				CLANG_WARN_DIRECT_OBJC_ISA_USAGE = YES_ERROR;
				CLANG_WARN_DOCUMENTATION_COMMENTS = YES;
				CLANG_WARN_EMPTY_BODY = YES;
				CLANG_WARN_ENUM_CONVERSION = YES;
				CLANG_WARN_INFINITE_RECURSION = YES;
				CLANG_WARN_INT_CONVERSION = YES;
				CLANG_WARN_OBJC_ROOT_CLASS = YES_ERROR;
				CLANG_WARN_SUSPICIOUS_MOVE = YES;
				CLANG_WARN_UNREACHABLE_CODE = YES;
				CLANG_WARN__DUPLICATE_METHOD_MATCH = YES;
				CODE_SIGN_IDENTITY = "-";
				COPY_PHASE_STRIP = NO;
				DEBUG_INFORMATION_FORMAT = "dwarf-with-dsym";
				ENABLE_NS_ASSERTIONS = NO;
				ENABLE_STRICT_OBJC_MSGSEND = YES;
				GCC_C_LANGUAGE_STANDARD = gnu99;
				GCC_NO_COMMON_BLOCKS = YES;
				GCC_WARN_64_TO_32_BIT_CONVERSION = YES;
				GCC_WARN_ABOUT_RETURN_TYPE = YES_ERROR;
				GCC_WARN_UNDECLARED_SELECTOR = YES;
				GCC_WARN_UNINITIALIZED_AUTOS = YES_AGGRESSIVE;
				GCC_WARN_UNUSED_FUNCTION = YES;
				GCC_WARN_UNUSED_VARIABLE = YES;
				MACOSX_DEPLOYMENT_TARGET = 10.12;
				MTL_ENABLE_DEBUG_INFO = NO;
				SDKROOT = macosx;
			};
			name = Release;
		};
		B72C986F1ECC92AF00691FE7 /* Debug */ = {
			isa = XCBuildConfiguration;
			buildSettings = {
				PRODUCT_NAME = "$(TARGET_NAME)";
			};
			name = Debug;
		};
		B72C98701ECC92AF00691FE7 /* Release */ = {
			isa = XCBuildConfiguration;
			buildSettings = {
				PRODUCT_NAME = "$(TARGET_NAME)";
			};
			name = Release;
		};
/* End XCBuildConfiguration section */

/* Begin XCConfigurationList section */
		B72C98621ECC92AF00691FE7 /* Build configuration list for PBXProject "Nasledqvane_Kompoziciq_Videoteka" */ = {
			isa = XCConfigurationList;
			buildConfigurations = (
				B72C986C1ECC92AF00691FE7 /* Debug */,
				B72C986D1ECC92AF00691FE7 /* Release */,
			);
			defaultConfigurationIsVisible = 0;
			defaultConfigurationName = Release;
		};
		B72C986E1ECC92AF00691FE7 /* Build configuration list for PBXNativeTarget "Nasledqvane_Kompoziciq_Videoteka" */ = {
			isa = XCConfigurationList;
			buildConfigurations = (
				B72C986F1ECC92AF00691FE7 /* Debug */,
				B72C98701ECC92AF00691FE7 /* Release */,
			);
			defaultConfigurationIsVisible = 0;
		};
/* End XCConfigurationList section */
	};
	rootObject = B72C985F1ECC92AF00691FE7 /* Project object */;
}
