// !$*UTF8*$!
{
	archiveVersion = 1;
	classes = {
	};
	objectVersion = 46;
	objects = {

/* Begin PBXBuildFile section */
		B7132DE11EB33C5100051424 /* main.cpp in Sources */ = {isa = PBXBuildFile; fileRef = B7132DE01EB33C5100051424 /* main.cpp */; };
		B7132DE91EB33C7100051424 /* Address.cpp in Sources */ = {isa = PBXBuildFile; fileRef = B7132DE71EB33C7100051424 /* Address.cpp */; };
		B7132DEC1EB3401400051424 /* Client.cpp in Sources */ = {isa = PBXBuildFile; fileRef = B7132DEA1EB3401400051424 /* Client.cpp */; };
		B7132DEF1EB3460B00051424 /* Packaje.cpp in Sources */ = {isa = PBXBuildFile; fileRef = B7132DED1EB3460B00051424 /* Packaje.cpp */; };
		B7132DF21EB5F78C00051424 /* Function.cpp in Sources */ = {isa = PBXBuildFile; fileRef = B7132DF01EB5F78C00051424 /* Function.cpp */; };
		B7132DF71EB6469E00051424 /* TwoDayPackage.cpp in Sources */ = {isa = PBXBuildFile; fileRef = B7132DF51EB6469E00051424 /* TwoDayPackage.cpp */; };
		B7132E131EB8614D00051424 /* Reciver.cpp in Sources */ = {isa = PBXBuildFile; fileRef = B7132E111EB8614D00051424 /* Reciver.cpp */; };
		B7132E161EB8624800051424 /* Sender.cpp in Sources */ = {isa = PBXBuildFile; fileRef = B7132E141EB8624800051424 /* Sender.cpp */; };
/* End PBXBuildFile section */

/* Begin PBXCopyFilesBuildPhase section */
		B7132DDB1EB33C5100051424 /* CopyFiles */ = {
			isa = PBXCopyFilesBuildPhase;
			buildActionMask = 2147483647;
			dstPath = /usr/share/man/man1/;
			dstSubfolderSpec = 0;
			files = (
			);
			runOnlyForDeploymentPostprocessing = 1;
		};
/* End PBXCopyFilesBuildPhase section */

/* Begin PBXFileReference section */
		B7132DDD1EB33C5100051424 /* Nasledqvane_Pratki */ = {isa = PBXFileReference; explicitFileType = "compiled.mach-o.executable"; includeInIndex = 0; path = Nasledqvane_Pratki; sourceTree = BUILT_PRODUCTS_DIR; };
		B7132DE01EB33C5100051424 /* main.cpp */ = {isa = PBXFileReference; lastKnownFileType = sourcecode.cpp.cpp; path = main.cpp; sourceTree = "<group>"; };
		B7132DE71EB33C7100051424 /* Address.cpp */ = {isa = PBXFileReference; fileEncoding = 4; lastKnownFileType = sourcecode.cpp.cpp; path = Address.cpp; sourceTree = "<group>"; };
		B7132DE81EB33C7100051424 /* Address.hpp */ = {isa = PBXFileReference; fileEncoding = 4; lastKnownFileType = sourcecode.cpp.h; path = Address.hpp; sourceTree = "<group>"; };
		B7132DEA1EB3401400051424 /* Client.cpp */ = {isa = PBXFileReference; fileEncoding = 4; lastKnownFileType = sourcecode.cpp.cpp; path = Client.cpp; sourceTree = "<group>"; };
		B7132DEB1EB3401400051424 /* Client.hpp */ = {isa = PBXFileReference; fileEncoding = 4; lastKnownFileType = sourcecode.cpp.h; path = Client.hpp; sourceTree = "<group>"; };
		B7132DED1EB3460B00051424 /* Packaje.cpp */ = {isa = PBXFileReference; fileEncoding = 4; lastKnownFileType = sourcecode.cpp.cpp; path = Packaje.cpp; sourceTree = "<group>"; };
		B7132DEE1EB3460B00051424 /* Packaje.hpp */ = {isa = PBXFileReference; fileEncoding = 4; lastKnownFileType = sourcecode.cpp.h; path = Packaje.hpp; sourceTree = "<group>"; };
		B7132DF01EB5F78C00051424 /* Function.cpp */ = {isa = PBXFileReference; fileEncoding = 4; lastKnownFileType = sourcecode.cpp.cpp; path = Function.cpp; sourceTree = "<group>"; };
		B7132DF11EB5F78C00051424 /* Function.hpp */ = {isa = PBXFileReference; fileEncoding = 4; lastKnownFileType = sourcecode.cpp.h; path = Function.hpp; sourceTree = "<group>"; };
		B7132DF51EB6469E00051424 /* TwoDayPackage.cpp */ = {isa = PBXFileReference; fileEncoding = 4; lastKnownFileType = sourcecode.cpp.cpp; path = TwoDayPackage.cpp; sourceTree = "<group>"; };
		B7132DF61EB6469E00051424 /* TwoDayPackage.hpp */ = {isa = PBXFileReference; fileEncoding = 4; lastKnownFileType = sourcecode.cpp.h; path = TwoDayPackage.hpp; sourceTree = "<group>"; };
		B7132E111EB8614D00051424 /* Reciver.cpp */ = {isa = PBXFileReference; fileEncoding = 4; lastKnownFileType = sourcecode.cpp.cpp; path = Reciver.cpp; sourceTree = "<group>"; };
		B7132E121EB8614D00051424 /* Reciver.hpp */ = {isa = PBXFileReference; fileEncoding = 4; lastKnownFileType = sourcecode.cpp.h; path = Reciver.hpp; sourceTree = "<group>"; };
		B7132E141EB8624800051424 /* Sender.cpp */ = {isa = PBXFileReference; fileEncoding = 4; lastKnownFileType = sourcecode.cpp.cpp; path = Sender.cpp; sourceTree = "<group>"; };
		B7132E151EB8624800051424 /* Sender.hpp */ = {isa = PBXFileReference; fileEncoding = 4; lastKnownFileType = sourcecode.cpp.h; path = Sender.hpp; sourceTree = "<group>"; };
/* End PBXFileReference section */

/* Begin PBXFrameworksBuildPhase section */
		B7132DDA1EB33C5100051424 /* Frameworks */ = {
			isa = PBXFrameworksBuildPhase;
			buildActionMask = 2147483647;
			files = (
			);
			runOnlyForDeploymentPostprocessing = 0;
		};
/* End PBXFrameworksBuildPhase section */

/* Begin PBXGroup section */
		B7132DD41EB33C5100051424 = {
			isa = PBXGroup;
			children = (
				B7132E141EB8624800051424 /* Sender.cpp */,
				B7132E151EB8624800051424 /* Sender.hpp */,
				B7132E111EB8614D00051424 /* Reciver.cpp */,
				B7132E121EB8614D00051424 /* Reciver.hpp */,
				B7132DF51EB6469E00051424 /* TwoDayPackage.cpp */,
				B7132DF61EB6469E00051424 /* TwoDayPackage.hpp */,
				B7132DF01EB5F78C00051424 /* Function.cpp */,
				B7132DF11EB5F78C00051424 /* Function.hpp */,
				B7132DED1EB3460B00051424 /* Packaje.cpp */,
				B7132DEE1EB3460B00051424 /* Packaje.hpp */,
				B7132DEA1EB3401400051424 /* Client.cpp */,
				B7132DEB1EB3401400051424 /* Client.hpp */,
				B7132DE71EB33C7100051424 /* Address.cpp */,
				B7132DE81EB33C7100051424 /* Address.hpp */,
				B7132DDF1EB33C5100051424 /* Nasledqvane_Pratki */,
				B7132DDE1EB33C5100051424 /* Products */,
			);
			sourceTree = "<group>";
		};
		B7132DDE1EB33C5100051424 /* Products */ = {
			isa = PBXGroup;
			children = (
				B7132DDD1EB33C5100051424 /* Nasledqvane_Pratki */,
			);
			name = Products;
			sourceTree = "<group>";
		};
		B7132DDF1EB33C5100051424 /* Nasledqvane_Pratki */ = {
			isa = PBXGroup;
			children = (
				B7132DE01EB33C5100051424 /* main.cpp */,
			);
			path = Nasledqvane_Pratki;
			sourceTree = "<group>";
		};
/* End PBXGroup section */

/* Begin PBXNativeTarget section */
		B7132DDC1EB33C5100051424 /* Nasledqvane_Pratki */ = {
			isa = PBXNativeTarget;
			buildConfigurationList = B7132DE41EB33C5100051424 /* Build configuration list for PBXNativeTarget "Nasledqvane_Pratki" */;
			buildPhases = (
				B7132DD91EB33C5100051424 /* Sources */,
				B7132DDA1EB33C5100051424 /* Frameworks */,
				B7132DDB1EB33C5100051424 /* CopyFiles */,
			);
			buildRules = (
			);
			dependencies = (
			);
			name = Nasledqvane_Pratki;
			productName = Nasledqvane_Pratki;
			productReference = B7132DDD1EB33C5100051424 /* Nasledqvane_Pratki */;
			productType = "com.apple.product-type.tool";
		};
/* End PBXNativeTarget section */

/* Begin PBXProject section */
		B7132DD51EB33C5100051424 /* Project object */ = {
			isa = PBXProject;
			attributes = {
				LastUpgradeCheck = 0820;
				ORGANIZATIONNAME = Pepi;
				TargetAttributes = {
					B7132DDC1EB33C5100051424 = {
						CreatedOnToolsVersion = 8.2.1;
						ProvisioningStyle = Automatic;
					};
				};
			};
			buildConfigurationList = B7132DD81EB33C5100051424 /* Build configuration list for PBXProject "Nasledqvane_Pratki" */;
			compatibilityVersion = "Xcode 3.2";
			developmentRegion = English;
			hasScannedForEncodings = 0;
			knownRegions = (
				en,
			);
			mainGroup = B7132DD41EB33C5100051424;
			productRefGroup = B7132DDE1EB33C5100051424 /* Products */;
			projectDirPath = "";
			projectRoot = "";
			targets = (
				B7132DDC1EB33C5100051424 /* Nasledqvane_Pratki */,
			);
		};
/* End PBXProject section */

/* Begin PBXSourcesBuildPhase section */
		B7132DD91EB33C5100051424 /* Sources */ = {
			isa = PBXSourcesBuildPhase;
			buildActionMask = 2147483647;
			files = (
				B7132DF71EB6469E00051424 /* TwoDayPackage.cpp in Sources */,
				B7132DE91EB33C7100051424 /* Address.cpp in Sources */,
				B7132DE11EB33C5100051424 /* main.cpp in Sources */,
				B7132DF21EB5F78C00051424 /* Function.cpp in Sources */,
				B7132E161EB8624800051424 /* Sender.cpp in Sources */,
				B7132E131EB8614D00051424 /* Reciver.cpp in Sources */,
				B7132DEC1EB3401400051424 /* Client.cpp in Sources */,
				B7132DEF1EB3460B00051424 /* Packaje.cpp in Sources */,
			);
			runOnlyForDeploymentPostprocessing = 0;
		};
/* End PBXSourcesBuildPhase section */

/* Begin XCBuildConfiguration section */
		B7132DE21EB33C5100051424 /* Debug */ = {
			isa = XCBuildConfiguration;
			buildSettings = {
				ALWAYS_SEARCH_USER_PATHS = NO;
				CLANG_ANALYZER_NONNULL = YES;
				CLANG_CXX_LANGUAGE_STANDARD = "gnu++0x";
				CLANG_CXX_LIBRARY = "libc++";
				CLANG_ENABLE_MODULES = YES;
				CLANG_ENABLE_OBJC_ARC = YES;
				CLANG_WARN_BOOL_CONVERSION = YES;
				CLANG_WARN_CONSTANT_CONVERSION = YES;
				CLANG_WARN_DIRECT_OBJC_ISA_USAGE = YES_ERROR;
				CLANG_WARN_DOCUMENTATION_COMMENTS = YES;
				CLANG_WARN_EMPTY_BODY = YES;
				CLANG_WARN_ENUM_CONVERSION = YES;
				CLANG_WARN_INFINITE_RECURSION = YES;
				CLANG_WARN_INT_CONVERSION = YES;
				CLANG_WARN_OBJC_ROOT_CLASS = YES_ERROR;
				CLANG_WARN_SUSPICIOUS_MOVE = YES;
				CLANG_WARN_UNREACHABLE_CODE = YES;
				CLANG_WARN__DUPLICATE_METHOD_MATCH = YES;
				CODE_SIGN_IDENTITY = "-";
				COPY_PHASE_STRIP = NO;
				DEBUG_INFORMATION_FORMAT = dwarf;
				ENABLE_STRICT_OBJC_MSGSEND = YES;
				ENABLE_TESTABILITY = YES;
				GCC_C_LANGUAGE_STANDARD = gnu99;
				GCC_DYNAMIC_NO_PIC = NO;
				GCC_NO_COMMON_BLOCKS = YES;
				GCC_OPTIMIZATION_LEVEL = 0;
				GCC_PREPROCESSOR_DEFINITIONS = (
					"DEBUG=1",
					"$(inherited)",
				);
				GCC_WARN_64_TO_32_BIT_CONVERSION = YES;
				GCC_WARN_ABOUT_RETURN_TYPE = YES_ERROR;
				GCC_WARN_UNDECLARED_SELECTOR = YES;
				GCC_WARN_UNINITIALIZED_AUTOS = YES_AGGRESSIVE;
				GCC_WARN_UNUSED_FUNCTION = YES;
				GCC_WARN_UNUSED_VARIABLE = YES;
				MACOSX_DEPLOYMENT_TARGET = 10.12;
				MTL_ENABLE_DEBUG_INFO = YES;
				ONLY_ACTIVE_ARCH = YES;
				SDKROOT = macosx;
			};
			name = Debug;
		};
		B7132DE31EB33C5100051424 /* Release */ = {
			isa = XCBuildConfiguration;
			buildSettings = {
				ALWAYS_SEARCH_USER_PATHS = NO;
				CLANG_ANALYZER_NONNULL = YES;
				CLANG_CXX_LANGUAGE_STANDARD = "gnu++0x";
				CLANG_CXX_LIBRARY = "libc++";
				CLANG_ENABLE_MODULES = YES;
				CLANG_ENABLE_OBJC_ARC = YES;
				CLANG_WARN_BOOL_CONVERSION = YES;
				CLANG_WARN_CONSTANT_CONVERSION = YES;
				CLANG_WARN_DIRECT_OBJC_ISA_USAGE = YES_ERROR;
				CLANG_WARN_DOCUMENTATION_COMMENTS = YES;
				CLANG_WARN_EMPTY_BODY = YES;
				CLANG_WARN_ENUM_CONVERSION = YES;
				CLANG_WARN_INFINITE_RECURSION = YES;
				CLANG_WARN_INT_CONVERSION = YES;
				CLANG_WARN_OBJC_ROOT_CLASS = YES_ERROR;
				CLANG_WARN_SUSPICIOUS_MOVE = YES;
				CLANG_WARN_UNREACHABLE_CODE = YES;
				CLANG_WARN__DUPLICATE_METHOD_MATCH = YES;
				CODE_SIGN_IDENTITY = "-";
				COPY_PHASE_STRIP = NO;
				DEBUG_INFORMATION_FORMAT = "dwarf-with-dsym";
				ENABLE_NS_ASSERTIONS = NO;
				ENABLE_STRICT_OBJC_MSGSEND = YES;
				GCC_C_LANGUAGE_STANDARD = gnu99;
				GCC_NO_COMMON_BLOCKS = YES;
				GCC_WARN_64_TO_32_BIT_CONVERSION = YES;
				GCC_WARN_ABOUT_RETURN_TYPE = YES_ERROR;
				GCC_WARN_UNDECLARED_SELECTOR = YES;
				GCC_WARN_UNINITIALIZED_AUTOS = YES_AGGRESSIVE;
				GCC_WARN_UNUSED_FUNCTION = YES;
				GCC_WARN_UNUSED_VARIABLE = YES;
				MACOSX_DEPLOYMENT_TARGET = 10.12;
				MTL_ENABLE_DEBUG_INFO = NO;
				SDKROOT = macosx;
			};
			name = Release;
		};
		B7132DE51EB33C5100051424 /* Debug */ = {
			isa = XCBuildConfiguration;
			buildSettings = {
				PRODUCT_NAME = "$(TARGET_NAME)";
			};
			name = Debug;
		};
		B7132DE61EB33C5100051424 /* Release */ = {
			isa = XCBuildConfiguration;
			buildSettings = {
				PRODUCT_NAME = "$(TARGET_NAME)";
			};
			name = Release;
		};
/* End XCBuildConfiguration section */

/* Begin XCConfigurationList section */
		B7132DD81EB33C5100051424 /* Build configuration list for PBXProject "Nasledqvane_Pratki" */ = {
			isa = XCConfigurationList;
			buildConfigurations = (
				B7132DE21EB33C5100051424 /* Debug */,
				B7132DE31EB33C5100051424 /* Release */,
			);
			defaultConfigurationIsVisible = 0;
			defaultConfigurationName = Release;
		};
		B7132DE41EB33C5100051424 /* Build configuration list for PBXNativeTarget "Nasledqvane_Pratki" */ = {
			isa = XCConfigurationList;
			buildConfigurations = (
				B7132DE51EB33C5100051424 /* Debug */,
				B7132DE61EB33C5100051424 /* Release */,
			);
			defaultConfigurationIsVisible = 0;
		};
/* End XCConfigurationList section */
	};
	rootObject = B7132DD51EB33C5100051424 /* Project object */;
}
