// !$*UTF8*$!
{
	archiveVersion = 1;
	classes = {
	};
	objectVersion = 46;
	objects = {

/* Begin PBXBuildFile section */
		B72C786E1EBC9E07002ED951 /* main.cpp in Sources */ = {isa = PBXBuildFile; fileRef = B72C786D1EBC9E07002ED951 /* main.cpp */; };
		B72C78761EBC9E78002ED951 /* Athlets.cpp in Sources */ = {isa = PBXBuildFile; fileRef = B72C78741EBC9E78002ED951 /* Athlets.cpp */; };
		B72C78791EBC9E99002ED951 /* Start.cpp in Sources */ = {isa = PBXBuildFile; fileRef = B72C78771EBC9E99002ED951 /* Start.cpp */; };
		B72C787C1EBC9FFA002ED951 /* Disciplines.cpp in Sources */ = {isa = PBXBuildFile; fileRef = B72C787A1EBC9FFA002ED951 /* Disciplines.cpp */; };
/* End PBXBuildFile section */

/* Begin PBXCopyFilesBuildPhase section */
		B72C78681EBC9E07002ED951 /* CopyFiles */ = {
			isa = PBXCopyFilesBuildPhase;
			buildActionMask = 2147483647;
			dstPath = /usr/share/man/man1/;
			dstSubfolderSpec = 0;
			files = (
			);
			runOnlyForDeploymentPostprocessing = 1;
		};
/* End PBXCopyFilesBuildPhase section */

/* Begin PBXFileReference section */
		B72C786A1EBC9E07002ED951 /* Nasledqvane_Atleti_new */ = {isa = PBXFileReference; explicitFileType = "compiled.mach-o.executable"; includeInIndex = 0; path = Nasledqvane_Atleti_new; sourceTree = BUILT_PRODUCTS_DIR; };
		B72C786D1EBC9E07002ED951 /* main.cpp */ = {isa = PBXFileReference; lastKnownFileType = sourcecode.cpp.cpp; path = main.cpp; sourceTree = "<group>"; };
		B72C78741EBC9E78002ED951 /* Athlets.cpp */ = {isa = PBXFileReference; fileEncoding = 4; lastKnownFileType = sourcecode.cpp.cpp; path = Athlets.cpp; sourceTree = "<group>"; };
		B72C78751EBC9E78002ED951 /* Athlets.hpp */ = {isa = PBXFileReference; fileEncoding = 4; lastKnownFileType = sourcecode.cpp.h; path = Athlets.hpp; sourceTree = "<group>"; };
		B72C78771EBC9E99002ED951 /* Start.cpp */ = {isa = PBXFileReference; fileEncoding = 4; lastKnownFileType = sourcecode.cpp.cpp; path = Start.cpp; sourceTree = "<group>"; };
		B72C78781EBC9E99002ED951 /* Start.hpp */ = {isa = PBXFileReference; fileEncoding = 4; lastKnownFileType = sourcecode.cpp.h; path = Start.hpp; sourceTree = "<group>"; };
		B72C787A1EBC9FFA002ED951 /* Disciplines.cpp */ = {isa = PBXFileReference; fileEncoding = 4; lastKnownFileType = sourcecode.cpp.cpp; path = Disciplines.cpp; sourceTree = "<group>"; };
		B72C787B1EBC9FFA002ED951 /* Disciplines.hpp */ = {isa = PBXFileReference; fileEncoding = 4; lastKnownFileType = sourcecode.cpp.h; path = Disciplines.hpp; sourceTree = "<group>"; };
/* End PBXFileReference section */

/* Begin PBXFrameworksBuildPhase section */
		B72C78671EBC9E07002ED951 /* Frameworks */ = {
			isa = PBXFrameworksBuildPhase;
			buildActionMask = 2147483647;
			files = (
			);
			runOnlyForDeploymentPostprocessing = 0;
		};
/* End PBXFrameworksBuildPhase section */

/* Begin PBXGroup section */
		B72C78611EBC9E07002ED951 = {
			isa = PBXGroup;
			children = (
				B72C787A1EBC9FFA002ED951 /* Disciplines.cpp */,
				B72C787B1EBC9FFA002ED951 /* Disciplines.hpp */,
				B72C78771EBC9E99002ED951 /* Start.cpp */,
				B72C78781EBC9E99002ED951 /* Start.hpp */,
				B72C78741EBC9E78002ED951 /* Athlets.cpp */,
				B72C78751EBC9E78002ED951 /* Athlets.hpp */,
				B72C786C1EBC9E07002ED951 /* Nasledqvane_Atleti_new */,
				B72C786B1EBC9E07002ED951 /* Products */,
			);
			sourceTree = "<group>";
		};
		B72C786B1EBC9E07002ED951 /* Products */ = {
			isa = PBXGroup;
			children = (
				B72C786A1EBC9E07002ED951 /* Nasledqvane_Atleti_new */,
			);
			name = Products;
			sourceTree = "<group>";
		};
		B72C786C1EBC9E07002ED951 /* Nasledqvane_Atleti_new */ = {
			isa = PBXGroup;
			children = (
				B72C786D1EBC9E07002ED951 /* main.cpp */,
			);
			path = Nasledqvane_Atleti_new;
			sourceTree = "<group>";
		};
/* End PBXGroup section */

/* Begin PBXNativeTarget section */
		B72C78691EBC9E07002ED951 /* Nasledqvane_Atleti_new */ = {
			isa = PBXNativeTarget;
			buildConfigurationList = B72C78711EBC9E07002ED951 /* Build configuration list for PBXNativeTarget "Nasledqvane_Atleti_new" */;
			buildPhases = (
				B72C78661EBC9E07002ED951 /* Sources */,
				B72C78671EBC9E07002ED951 /* Frameworks */,
				B72C78681EBC9E07002ED951 /* CopyFiles */,
			);
			buildRules = (
			);
			dependencies = (
			);
			name = Nasledqvane_Atleti_new;
			productName = Nasledqvane_Atleti_new;
			productReference = B72C786A1EBC9E07002ED951 /* Nasledqvane_Atleti_new */;
			productType = "com.apple.product-type.tool";
		};
/* End PBXNativeTarget section */

/* Begin PBXProject section */
		B72C78621EBC9E07002ED951 /* Project object */ = {
			isa = PBXProject;
			attributes = {
				LastUpgradeCheck = 0820;
				ORGANIZATIONNAME = Pepi;
				TargetAttributes = {
					B72C78691EBC9E07002ED951 = {
						CreatedOnToolsVersion = 8.2.1;
						ProvisioningStyle = Automatic;
					};
				};
			};
			buildConfigurationList = B72C78651EBC9E07002ED951 /* Build configuration list for PBXProject "Nasledqvane_Atleti_new" */;
			compatibilityVersion = "Xcode 3.2";
			developmentRegion = English;
			hasScannedForEncodings = 0;
			knownRegions = (
				en,
			);
			mainGroup = B72C78611EBC9E07002ED951;
			productRefGroup = B72C786B1EBC9E07002ED951 /* Products */;
			projectDirPath = "";
			projectRoot = "";
			targets = (
				B72C78691EBC9E07002ED951 /* Nasledqvane_Atleti_new */,
			);
		};
/* End PBXProject section */

/* Begin PBXSourcesBuildPhase section */
		B72C78661EBC9E07002ED951 /* Sources */ = {
			isa = PBXSourcesBuildPhase;
			buildActionMask = 2147483647;
			files = (
				B72C786E1EBC9E07002ED951 /* main.cpp in Sources */,
				B72C78761EBC9E78002ED951 /* Athlets.cpp in Sources */,
				B72C78791EBC9E99002ED951 /* Start.cpp in Sources */,
				B72C787C1EBC9FFA002ED951 /* Disciplines.cpp in Sources */,
			);
			runOnlyForDeploymentPostprocessing = 0;
		};
/* End PBXSourcesBuildPhase section */

/* Begin XCBuildConfiguration section */
		B72C786F1EBC9E07002ED951 /* Debug */ = {
			isa = XCBuildConfiguration;
			buildSettings = {
				ALWAYS_SEARCH_USER_PATHS = NO;
				CLANG_ANALYZER_NONNULL = YES;
				CLANG_CXX_LANGUAGE_STANDARD = "gnu++0x";
				CLANG_CXX_LIBRARY = "libc++";
				CLANG_ENABLE_MODULES = YES;
				CLANG_ENABLE_OBJC_ARC = YES;
				CLANG_WARN_BOOL_CONVERSION = YES;
				CLANG_WARN_CONSTANT_CONVERSION = YES;
				CLANG_WARN_DIRECT_OBJC_ISA_USAGE = YES_ERROR;
				CLANG_WARN_DOCUMENTATION_COMMENTS = YES;
				CLANG_WARN_EMPTY_BODY = YES;
				CLANG_WARN_ENUM_CONVERSION = YES;
				CLANG_WARN_INFINITE_RECURSION = YES;
				CLANG_WARN_INT_CONVERSION = YES;
				CLANG_WARN_OBJC_ROOT_CLASS = YES_ERROR;
				CLANG_WARN_SUSPICIOUS_MOVE = YES;
				CLANG_WARN_UNREACHABLE_CODE = YES;
				CLANG_WARN__DUPLICATE_METHOD_MATCH = YES;
				CODE_SIGN_IDENTITY = "-";
				COPY_PHASE_STRIP = NO;
				DEBUG_INFORMATION_FORMAT = dwarf;
				ENABLE_STRICT_OBJC_MSGSEND = YES;
				ENABLE_TESTABILITY = YES;
				GCC_C_LANGUAGE_STANDARD = gnu99;
				GCC_DYNAMIC_NO_PIC = NO;
				GCC_NO_COMMON_BLOCKS = YES;
				GCC_OPTIMIZATION_LEVEL = 0;
				GCC_PREPROCESSOR_DEFINITIONS = (
					"DEBUG=1",
					"$(inherited)",
				);
				GCC_WARN_64_TO_32_BIT_CONVERSION = YES;
				GCC_WARN_ABOUT_RETURN_TYPE = YES_ERROR;
				GCC_WARN_UNDECLARED_SELECTOR = YES;
				GCC_WARN_UNINITIALIZED_AUTOS = YES_AGGRESSIVE;
				GCC_WARN_UNUSED_FUNCTION = YES;
				GCC_WARN_UNUSED_VARIABLE = YES;
				MACOSX_DEPLOYMENT_TARGET = 10.12;
				MTL_ENABLE_DEBUG_INFO = YES;
				ONLY_ACTIVE_ARCH = YES;
				SDKROOT = macosx;
			};
			name = Debug;
		};
		B72C78701EBC9E07002ED951 /* Release */ = {
			isa = XCBuildConfiguration;
			buildSettings = {
				ALWAYS_SEARCH_USER_PATHS = NO;
				CLANG_ANALYZER_NONNULL = YES;
				CLANG_CXX_LANGUAGE_STANDARD = "gnu++0x";
				CLANG_CXX_LIBRARY = "libc++";
				CLANG_ENABLE_MODULES = YES;
				CLANG_ENABLE_OBJC_ARC = YES;
				CLANG_WARN_BOOL_CONVERSION = YES;
				CLANG_WARN_CONSTANT_CONVERSION = YES;
				CLANG_WARN_DIRECT_OBJC_ISA_USAGE = YES_ERROR;
				CLANG_WARN_DOCUMENTATION_COMMENTS = YES;
				CLANG_WARN_EMPTY_BODY = YES;
				CLANG_WARN_ENUM_CONVERSION = YES;
				CLANG_WARN_INFINITE_RECURSION = YES;
				CLANG_WARN_INT_CONVERSION = YES;
				CLANG_WARN_OBJC_ROOT_CLASS = YES_ERROR;
				CLANG_WARN_SUSPICIOUS_MOVE = YES;
				CLANG_WARN_UNREACHABLE_CODE = YES;
				CLANG_WARN__DUPLICATE_METHOD_MATCH = YES;
				CODE_SIGN_IDENTITY = "-";
				COPY_PHASE_STRIP = NO;
				DEBUG_INFORMATION_FORMAT = "dwarf-with-dsym";
				ENABLE_NS_ASSERTIONS = NO;
				ENABLE_STRICT_OBJC_MSGSEND = YES;
				GCC_C_LANGUAGE_STANDARD = gnu99;
				GCC_NO_COMMON_BLOCKS = YES;
				GCC_WARN_64_TO_32_BIT_CONVERSION = YES;
				GCC_WARN_ABOUT_RETURN_TYPE = YES_ERROR;
				GCC_WARN_UNDECLARED_SELECTOR = YES;
				GCC_WARN_UNINITIALIZED_AUTOS = YES_AGGRESSIVE;
				GCC_WARN_UNUSED_FUNCTION = YES;
				GCC_WARN_UNUSED_VARIABLE = YES;
				MACOSX_DEPLOYMENT_TARGET = 10.12;
				MTL_ENABLE_DEBUG_INFO = NO;
				SDKROOT = macosx;
			};
			name = Release;
		};
		B72C78721EBC9E07002ED951 /* Debug */ = {
			isa = XCBuildConfiguration;
			buildSettings = {
				PRODUCT_NAME = "$(TARGET_NAME)";
			};
			name = Debug;
		};
		B72C78731EBC9E07002ED951 /* Release */ = {
			isa = XCBuildConfiguration;
			buildSettings = {
				PRODUCT_NAME = "$(TARGET_NAME)";
			};
			name = Release;
		};
/* End XCBuildConfiguration section */

/* Begin XCConfigurationList section */
		B72C78651EBC9E07002ED951 /* Build configuration list for PBXProject "Nasledqvane_Atleti_new" */ = {
			isa = XCConfigurationList;
			buildConfigurations = (
				B72C786F1EBC9E07002ED951 /* Debug */,
				B72C78701EBC9E07002ED951 /* Release */,
			);
			defaultConfigurationIsVisible = 0;
			defaultConfigurationName = Release;
		};
		B72C78711EBC9E07002ED951 /* Build configuration list for PBXNativeTarget "Nasledqvane_Atleti_new" */ = {
			isa = XCConfigurationList;
			buildConfigurations = (
				B72C78721EBC9E07002ED951 /* Debug */,
				B72C78731EBC9E07002ED951 /* Release */,
			);
			defaultConfigurationIsVisible = 0;
		};
/* End XCConfigurationList section */
	};
	rootObject = B72C78621EBC9E07002ED951 /* Project object */;
}
